
Microsoft Visual Studio Solution File, Format Version 12.00
# Visual Studio 15
VisualStudioVersion = 15.0.28307.1000
MinimumVisualStudioVersion = 10.0.40219.1
Project("{FAE04EC0-301F-11D3-BF4B-00C04F79EFBC}") = "GwynethButton", "GwynethButton\GwynethButton.csproj", "{EA8FFB8A-D77A-4837-892E-F6D6DED7F2F4}"
EndProject
Global
	GlobalSection(SolutionConfigurationPlatforms) = preSolution
		Debug|Any CPU = Debug|Any CPU
		Release|Any CPU = Release|Any CPU
	EndGlobalSection
	GlobalSection(ProjectConfigurationPlatforms) = postSolution
		{EA8FFB8A-D77A-4837-892E-F6D6DED7F2F4}.Debug|Any CPU.ActiveCfg = Debug|Any CPU
		{EA8FFB8A-D77A-4837-892E-F6D6DED7F2F4}.Debug|Any CPU.Build.0 = Debug|Any CPU
		{EA8FFB8A-D77A-4837-892E-F6D6DED7F2F4}.Release|Any CPU.ActiveCfg = Release|Any CPU
		{EA8FFB8A-D77A-4837-892E-F6D6DED7F2F4}.Release|Any CPU.Build.0 = Release|Any CPU
	EndGlobalSection
	GlobalSection(SolutionProperties) = preSolution
		HideSolutionNode = FALSE
	EndGlobalSection
	GlobalSection(ExtensibilityGlobals) = postSolution
		SolutionGuid = {14DE6B51-ADF7-4E7B-88F9-2D09159FD72F}
	EndGlobalSection
EndGlobal
